
Microsoft Visual Studio Solution File, Format Version 12.00
# Visual Studio Version 17
VisualStudioVersion = 17.7.34024.191
MinimumVisualStudioVersion = 10.0.40219.1
Project("{9A19103F-16F7-4668-BE54-9A1E7A4F7556}") = "ByteBank.ConsoleApp", "ByteBank.ConsoleApp\ByteBank.ConsoleApp.csproj", "{739DBE0B-FC8F-4D77-9891-7ECFF8E1992E}"
EndProject
Project("{9A19103F-16F7-4668-BE54-9A1E7A4F7556}") = "ByteBank.Common", "ByteBank.Common\ByteBank.Common.csproj", "{B4E91CE8-7FDF-4AD0-92BE-4580AFF15C0F}"
EndProject
Project("{FAE04EC0-301F-11D3-BF4B-00C04F79EFBC}") = "ConsultoriaABC.Plugins", "ConsultoriaABC.Plugins\ConsultoriaABC.Plugins.csproj", "{1C8CB3EB-79F8-4633-8788-AFB6DA534590}"
EndProject
Project("{FAE04EC0-301F-11D3-BF4B-00C04F79EFBC}") = "ConsultoriaXYZ.Plugins", "ConsultoriaXYZ.Plugins\ConsultoriaXYZ.Plugins.csproj", "{2696F849-D347-47E3-81A9-FAE538EF3BA6}"
EndProject
Project("{FAE04EC0-301F-11D3-BF4B-00C04F79EFBC}") = "ConsultoriaXPTO.Plugins", "ConsultoriaXPTO\ConsultoriaXPTO.Plugins.csproj", "{2E196DAB-F53A-423E-8F7F-E1C2895140F3}"
EndProject
Global
	GlobalSection(SolutionConfigurationPlatforms) = preSolution
		Debug|Any CPU = Debug|Any CPU
		Release|Any CPU = Release|Any CPU
	EndGlobalSection
	GlobalSection(ProjectConfigurationPlatforms) = postSolution
		{739DBE0B-FC8F-4D77-9891-7ECFF8E1992E}.Debug|Any CPU.ActiveCfg = Debug|Any CPU
		{739DBE0B-FC8F-4D77-9891-7ECFF8E1992E}.Debug|Any CPU.Build.0 = Debug|Any CPU
		{739DBE0B-FC8F-4D77-9891-7ECFF8E1992E}.Release|Any CPU.ActiveCfg = Release|Any CPU
		{739DBE0B-FC8F-4D77-9891-7ECFF8E1992E}.Release|Any CPU.Build.0 = Release|Any CPU
		{B4E91CE8-7FDF-4AD0-92BE-4580AFF15C0F}.Debug|Any CPU.ActiveCfg = Debug|Any CPU
		{B4E91CE8-7FDF-4AD0-92BE-4580AFF15C0F}.Debug|Any CPU.Build.0 = Debug|Any CPU
		{B4E91CE8-7FDF-4AD0-92BE-4580AFF15C0F}.Release|Any CPU.ActiveCfg = Release|Any CPU
		{B4E91CE8-7FDF-4AD0-92BE-4580AFF15C0F}.Release|Any CPU.Build.0 = Release|Any CPU
		{1C8CB3EB-79F8-4633-8788-AFB6DA534590}.Debug|Any CPU.ActiveCfg = Debug|Any CPU
		{1C8CB3EB-79F8-4633-8788-AFB6DA534590}.Debug|Any CPU.Build.0 = Debug|Any CPU
		{1C8CB3EB-79F8-4633-8788-AFB6DA534590}.Release|Any CPU.ActiveCfg = Release|Any CPU
		{1C8CB3EB-79F8-4633-8788-AFB6DA534590}.Release|Any CPU.Build.0 = Release|Any CPU
		{2696F849-D347-47E3-81A9-FAE538EF3BA6}.Debug|Any CPU.ActiveCfg = Debug|Any CPU
		{2696F849-D347-47E3-81A9-FAE538EF3BA6}.Debug|Any CPU.Build.0 = Debug|Any CPU
		{2696F849-D347-47E3-81A9-FAE538EF3BA6}.Release|Any CPU.ActiveCfg = Release|Any CPU
		{2696F849-D347-47E3-81A9-FAE538EF3BA6}.Release|Any CPU.Build.0 = Release|Any CPU
		{2E196DAB-F53A-423E-8F7F-E1C2895140F3}.Debug|Any CPU.ActiveCfg = Debug|Any CPU
		{2E196DAB-F53A-423E-8F7F-E1C2895140F3}.Debug|Any CPU.Build.0 = Debug|Any CPU
		{2E196DAB-F53A-423E-8F7F-E1C2895140F3}.Release|Any CPU.ActiveCfg = Release|Any CPU
		{2E196DAB-F53A-423E-8F7F-E1C2895140F3}.Release|Any CPU.Build.0 = Release|Any CPU
	EndGlobalSection
	GlobalSection(SolutionProperties) = preSolution
		HideSolutionNode = FALSE
	EndGlobalSection
	GlobalSection(ExtensibilityGlobals) = postSolution
		SolutionGuid = {840193EF-5AC1-457F-A1AD-AD50C8F38986}
	EndGlobalSection
EndGlobal
